PODS:
  - Nimble (8.0.5)
  - Quick (2.2.0)

DEPENDENCIES:
  - Nimble
  - Quick

SPEC REPOS:
  https://github.com/CocoaPods/Specs.git:
    - Nimble
    - Quick

SPEC CHECKSUMS:
  Nimble: 4ab1aeb9b45553c75b9687196b0fa0713170a332
  Quick: 7fb19e13be07b5dfb3b90d4f9824c855a11af40e

PODFILE CHECKSUM: 29b7ce322d36d8116fa800d811d668de54f40d4e

COCOAPODS: 1.9.1
